
Microsoft Visual Studio Solution File, Format Version 12.00
# Visual Studio Version 17
VisualStudioVersion = 17.0.31903.59
MinimumVisualStudioVersion = 10.0.40219.1
Project("{FAE04EC0-301F-11D3-BF4B-00C04F79EFBC}") = "MDS.ConsoleApp", "MDS.ConsoleApp\MDS.ConsoleApp.csproj", "{28FECE56-C88E-4066-90DC-56B1DEA9AAC8}"
EndProject
Project("{FAE04EC0-301F-11D3-BF4B-00C04F79EFBC}") = "MDS.Data", "MDS.Data\MDS.Data.csproj", "{2964901E-D421-4DEF-8409-72EB92D6DBBF}"
EndProject
Global
	GlobalSection(SolutionConfigurationPlatforms) = preSolution
		Debug|Any CPU = Debug|Any CPU
		Debug|x64 = Debug|x64
		Debug|x86 = Debug|x86
		Release|Any CPU = Release|Any CPU
		Release|x64 = Release|x64
		Release|x86 = Release|x86
	EndGlobalSection
	GlobalSection(ProjectConfigurationPlatforms) = postSolution
		{28FECE56-C88E-4066-90DC-56B1DEA9AAC8}.Debug|Any CPU.ActiveCfg = Debug|Any CPU
		{28FECE56-C88E-4066-90DC-56B1DEA9AAC8}.Debug|Any CPU.Build.0 = Debug|Any CPU
		{28FECE56-C88E-4066-90DC-56B1DEA9AAC8}.Debug|x64.ActiveCfg = Debug|Any CPU
		{28FECE56-C88E-4066-90DC-56B1DEA9AAC8}.Debug|x64.Build.0 = Debug|Any CPU
		{28FECE56-C88E-4066-90DC-56B1DEA9AAC8}.Debug|x86.ActiveCfg = Debug|Any CPU
		{28FECE56-C88E-4066-90DC-56B1DEA9AAC8}.Debug|x86.Build.0 = Debug|Any CPU
		{28FECE56-C88E-4066-90DC-56B1DEA9AAC8}.Release|Any CPU.ActiveCfg = Release|Any CPU
		{28FECE56-C88E-4066-90DC-56B1DEA9AAC8}.Release|Any CPU.Build.0 = Release|Any CPU
		{28FECE56-C88E-4066-90DC-56B1DEA9AAC8}.Release|x64.ActiveCfg = Release|Any CPU
		{28FECE56-C88E-4066-90DC-56B1DEA9AAC8}.Release|x64.Build.0 = Release|Any CPU
		{28FECE56-C88E-4066-90DC-56B1DEA9AAC8}.Release|x86.ActiveCfg = Release|Any CPU
		{28FECE56-C88E-4066-90DC-56B1DEA9AAC8}.Release|x86.Build.0 = Release|Any CPU
		{2964901E-D421-4DEF-8409-72EB92D6DBBF}.Debug|Any CPU.ActiveCfg = Debug|Any CPU
		{2964901E-D421-4DEF-8409-72EB92D6DBBF}.Debug|Any CPU.Build.0 = Debug|Any CPU
		{2964901E-D421-4DEF-8409-72EB92D6DBBF}.Debug|x64.ActiveCfg = Debug|Any CPU
		{2964901E-D421-4DEF-8409-72EB92D6DBBF}.Debug|x64.Build.0 = Debug|Any CPU
		{2964901E-D421-4DEF-8409-72EB92D6DBBF}.Debug|x86.ActiveCfg = Debug|Any CPU
		{2964901E-D421-4DEF-8409-72EB92D6DBBF}.Debug|x86.Build.0 = Debug|Any CPU
		{2964901E-D421-4DEF-8409-72EB92D6DBBF}.Release|Any CPU.ActiveCfg = Release|Any CPU
		{2964901E-D421-4DEF-8409-72EB92D6DBBF}.Release|Any CPU.Build.0 = Release|Any CPU
		{2964901E-D421-4DEF-8409-72EB92D6DBBF}.Release|x64.ActiveCfg = Release|Any CPU
		{2964901E-D421-4DEF-8409-72EB92D6DBBF}.Release|x64.Build.0 = Release|Any CPU
		{2964901E-D421-4DEF-8409-72EB92D6DBBF}.Release|x86.ActiveCfg = Release|Any CPU
		{2964901E-D421-4DEF-8409-72EB92D6DBBF}.Release|x86.Build.0 = Release|Any CPU
	EndGlobalSection
	GlobalSection(SolutionProperties) = preSolution
		HideSolutionNode = FALSE
	EndGlobalSection
EndGlobal
